
Microsoft Visual Studio Solution File, Format Version 12.00
# Visual Studio Version 17
VisualStudioVersion = 17.0.31903.59
MinimumVisualStudioVersion = 10.0.40219.1
Project("{FAE04EC0-301F-11D3-BF4B-00C04F79EFBC}") = "Grains", "Grains\Grains.csproj", "{6B067B46-EF9A-4033-A740-49F9D3544611}"
EndProject
Project("{FAE04EC0-301F-11D3-BF4B-00C04F79EFBC}") = "SiloHost", "SiloHost\SiloHost.csproj", "{B2D74A57-3230-4397-BDF8-D6EBE6D1D636}"
EndProject
Project("{FAE04EC0-301F-11D3-BF4B-00C04F79EFBC}") = "WebApiClient", "WebApiClient\WebApiClient.csproj", "{678CD13F-7C40-47F0-A288-5473A609BEA1}"
EndProject
Global
	GlobalSection(SolutionConfigurationPlatforms) = preSolution
		Debug|Any CPU = Debug|Any CPU
		Release|Any CPU = Release|Any CPU
	EndGlobalSection
	GlobalSection(SolutionProperties) = preSolution
		HideSolutionNode = FALSE
	EndGlobalSection
	GlobalSection(ProjectConfigurationPlatforms) = postSolution
		{6B067B46-EF9A-4033-A740-49F9D3544611}.Debug|Any CPU.ActiveCfg = Debug|Any CPU
		{6B067B46-EF9A-4033-A740-49F9D3544611}.Debug|Any CPU.Build.0 = Debug|Any CPU
		{6B067B46-EF9A-4033-A740-49F9D3544611}.Release|Any CPU.ActiveCfg = Release|Any CPU
		{6B067B46-EF9A-4033-A740-49F9D3544611}.Release|Any CPU.Build.0 = Release|Any CPU
		{B2D74A57-3230-4397-BDF8-D6EBE6D1D636}.Debug|Any CPU.ActiveCfg = Debug|Any CPU
		{B2D74A57-3230-4397-BDF8-D6EBE6D1D636}.Debug|Any CPU.Build.0 = Debug|Any CPU
		{B2D74A57-3230-4397-BDF8-D6EBE6D1D636}.Release|Any CPU.ActiveCfg = Release|Any CPU
		{B2D74A57-3230-4397-BDF8-D6EBE6D1D636}.Release|Any CPU.Build.0 = Release|Any CPU
		{678CD13F-7C40-47F0-A288-5473A609BEA1}.Debug|Any CPU.ActiveCfg = Debug|Any CPU
		{678CD13F-7C40-47F0-A288-5473A609BEA1}.Debug|Any CPU.Build.0 = Debug|Any CPU
		{678CD13F-7C40-47F0-A288-5473A609BEA1}.Release|Any CPU.ActiveCfg = Release|Any CPU
		{678CD13F-7C40-47F0-A288-5473A609BEA1}.Release|Any CPU.Build.0 = Release|Any CPU
	EndGlobalSection
EndGlobal
